
Microsoft Visual Studio Solution File, Format Version 12.00
# Visual Studio 14
VisualStudioVersion = 14.0.25420.1
MinimumVisualStudioVersion = 10.0.40219.1
Project("{FAE04EC0-301F-11D3-BF4B-00C04F79EFBC}") = "ImageService", "ImageService\ImageService.csproj", "{96E95C89-7654-4A80-9755-381C67347B6A}"
EndProject
Project("{FAE04EC0-301F-11D3-BF4B-00C04F79EFBC}") = "ImageServiceGUI", "ImageServiceGUI\ImageServiceGUI.csproj", "{33FF09C9-0798-49FC-8DC8-E099A0358D4D}"
EndProject
Project("{FAE04EC0-301F-11D3-BF4B-00C04F79EFBC}") = "Infrastructure", "Infrastructure\Infrastructure.csproj", "{E51445F4-37F6-413D-A1D7-B40F6A94785A}"
EndProject
Global
	GlobalSection(SolutionConfigurationPlatforms) = preSolution
		Debug|Any CPU = Debug|Any CPU
		Release|Any CPU = Release|Any CPU
		Description = ImageServiceDesc
	EndGlobalSection
	GlobalSection(ProjectConfigurationPlatforms) = postSolution
		{96E95C89-7654-4A80-9755-381C67347B6A}.Debug|Any CPU.ActiveCfg = Debug|Any CPU
		{96E95C89-7654-4A80-9755-381C67347B6A}.Debug|Any CPU.Build.0 = Debug|Any CPU
		{96E95C89-7654-4A80-9755-381C67347B6A}.Release|Any CPU.ActiveCfg = Release|Any CPU
		{96E95C89-7654-4A80-9755-381C67347B6A}.Release|Any CPU.Build.0 = Release|Any CPU
		{33FF09C9-0798-49FC-8DC8-E099A0358D4D}.Debug|Any CPU.ActiveCfg = Debug|Any CPU
		{33FF09C9-0798-49FC-8DC8-E099A0358D4D}.Debug|Any CPU.Build.0 = Debug|Any CPU
		{33FF09C9-0798-49FC-8DC8-E099A0358D4D}.Release|Any CPU.ActiveCfg = Release|Any CPU
		{33FF09C9-0798-49FC-8DC8-E099A0358D4D}.Release|Any CPU.Build.0 = Release|Any CPU
		{E51445F4-37F6-413D-A1D7-B40F6A94785A}.Debug|Any CPU.ActiveCfg = Debug|Any CPU
		{E51445F4-37F6-413D-A1D7-B40F6A94785A}.Debug|Any CPU.Build.0 = Debug|Any CPU
		{E51445F4-37F6-413D-A1D7-B40F6A94785A}.Release|Any CPU.ActiveCfg = Release|Any CPU
		{E51445F4-37F6-413D-A1D7-B40F6A94785A}.Release|Any CPU.Build.0 = Release|Any CPU
	EndGlobalSection
	GlobalSection(SolutionProperties) = preSolution
		HideSolutionNode = FALSE
	EndGlobalSection
EndGlobal
